{
  "name": "codgit",
  "version": "1.0.0",
  "lockfileVersion": 2,
  "requires": true,
  "packages": {
    "": {
      "name": "codgit",
      "version": "1.0.0",
      "license": "ISC",
      "dependencies": {
        "canvas-particle-network": "^1.5.0",
        "fullpage.js": "^4.0.5",
        "jquery": "^3.5.1",
        "materialize-social": "^1.0.3",
        "typed.js": "^2.0.11"
      }
    },
    "node_modules/angular2": {
      "version": "2.0.0-beta.21",
      "resolved": "https://registry.npmjs.org/angular2/-/angular2-2.0.0-beta.21.tgz",
      "deprecated": "This version of Angular has been deprecated. Use @angular/core instead.",
      "license": "MIT",
      "peerDependencies": {
        "es6-shim": "^0.35.0",
        "reflect-metadata": "0.1.2",
        "rxjs": "5.0.0-beta.6",
        "zone.js": "^0.6.12"
      }
    },
    "node_modules/canvas-particle-network": {
      "version": "1.5.0",
      "resolved": "https://registry.npmjs.org/canvas-particle-network/-/canvas-particle-network-1.5.0.tgz",
      "integrity": "sha1-QQ4Rr3t4C5SMx1RCpnrm/3ONX0o="
    },
    "node_modules/es6-promise": {
      "version": "3.3.1",
      "resolved": "https://registry.npmjs.org/es6-promise/-/es6-promise-3.3.1.tgz",
      "license": "MIT"
    },
    "node_modules/es6-shim": {
      "version": "0.33.13",
      "resolved": "https://registry.npmjs.org/es6-shim/-/es6-shim-0.33.13.tgz",
      "license": "MIT"
    },
    "node_modules/fontawesome": {
      "version": "4.7.2",
      "resolved": "https://registry.npmjs.org/fontawesome/-/fontawesome-4.7.2.tgz",
      "license": "MIT"
    },
    "node_modules/fullpage.js": {
      "version": "4.0.5",
      "resolved": "https://registry.npmjs.org/fullpage.js/-/fullpage.js-4.0.5.tgz",
      "integrity": "sha512-4OWRP08ogL35LwnNyDa8LNqRD0003HdolcVflfUyhMwAHVrpBNY9u1WYdAfnFEX7bd4vsermL7z22nmNqPWZvw=="
    },
    "node_modules/jquery": {
      "version": "3.5.1",
      "resolved": "https://registry.npmjs.org/jquery/-/jquery-3.5.1.tgz",
      "integrity": "sha512-XwIBPqcMn57FxfT+Go5pzySnm4KWkT1Tv7gjrpT1srtf8Weynl6R273VJ5GjkRb51IzMp5nbaPjJXMWeju2MKg=="
    },
    "node_modules/materialize-social": {
      "version": "1.0.3",
      "resolved": "https://registry.npmjs.org/materialize-social/-/materialize-social-1.0.3.tgz",
      "license": "MIT",
      "dependencies": {
        "fontawesome": "^4.7.2",
        "materializecss": "^1.0.11"
      }
    },
    "node_modules/materializecss": {
      "version": "1.0.11",
      "resolved": "https://registry.npmjs.org/materializecss/-/materializecss-1.0.11.tgz",
      "license": "ISC",
      "dependencies": {
        "angular2": "^2.0.0-beta.2",
        "es6-promise": "^3.0.2",
        "es6-shim": "^0.33.13",
        "reflect-metadata": "^0.1.2",
        "rxjs": "^5.0.0-beta.0",
        "zone.js": "^0.5.10"
      }
    },
    "node_modules/reflect-metadata": {
      "version": "0.1.12",
      "resolved": "https://registry.npmjs.org/reflect-metadata/-/reflect-metadata-0.1.12.tgz",
      "license": "Apache-2.0"
    },
    "node_modules/rxjs": {
      "version": "5.5.8",
      "resolved": "https://registry.npmjs.org/rxjs/-/rxjs-5.5.8.tgz",
      "license": "Apache-2.0",
      "dependencies": {
        "symbol-observable": "1.0.1"
      },
      "engines": {
        "npm": ">=2.0.0"
      }
    },
    "node_modules/symbol-observable": {
      "version": "1.0.1",
      "resolved": "https://registry.npmjs.org/symbol-observable/-/symbol-observable-1.0.1.tgz",
      "license": "MIT",
      "engines": {
        "node": ">=0.10.0"
      }
    },
    "node_modules/typed.js": {
      "version": "2.0.11",
      "resolved": "https://registry.npmjs.org/typed.js/-/typed.js-2.0.11.tgz",
      "integrity": "sha512-1ZORHalEyLob34q738mqmwp0pT6syMigB1SZuTItqdhovWBKFIt7I5uVALXAGQZCg2MCtihCt6uqkoqPJK+9iQ=="
    },
    "node_modules/zone.js": {
      "version": "0.5.15",
      "resolved": "https://registry.npmjs.org/zone.js/-/zone.js-0.5.15.tgz",
      "license": "MIT",
      "dependencies": {
        "es6-promise": "^3.0.2"
      }
    }
  },
  "dependencies": {
    "angular2": {
      "version": "2.0.0-beta.21",
      "resolved": "https://registry.npmjs.org/angular2/-/angular2-2.0.0-beta.21.tgz",
      "requires": {}
    },
    "canvas-particle-network": {
      "version": "1.5.0",
      "resolved": "https://registry.npmjs.org/canvas-particle-network/-/canvas-particle-network-1.5.0.tgz",
      "integrity": "sha1-QQ4Rr3t4C5SMx1RCpnrm/3ONX0o="
    },
    "es6-promise": {
      "version": "3.3.1",
      "resolved": "https://registry.npmjs.org/es6-promise/-/es6-promise-3.3.1.tgz"
    },
    "es6-shim": {
      "version": "0.33.13",
      "resolved": "https://registry.npmjs.org/es6-shim/-/es6-shim-0.33.13.tgz"
    },
    "fontawesome": {
      "version": "4.7.2",
      "resolved": "https://registry.npmjs.org/fontawesome/-/fontawesome-4.7.2.tgz"
    },
    "fullpage.js": {
      "version": "4.0.5",
      "resolved": "https://registry.npmjs.org/fullpage.js/-/fullpage.js-4.0.5.tgz",
      "integrity": "sha512-4OWRP08ogL35LwnNyDa8LNqRD0003HdolcVflfUyhMwAHVrpBNY9u1WYdAfnFEX7bd4vsermL7z22nmNqPWZvw=="
    },
    "jquery": {
      "version": "3.5.1",
      "resolved": "https://registry.npmjs.org/jquery/-/jquery-3.5.1.tgz",
      "integrity": "sha512-XwIBPqcMn57FxfT+Go5pzySnm4KWkT1Tv7gjrpT1srtf8Weynl6R273VJ5GjkRb51IzMp5nbaPjJXMWeju2MKg=="
    },
    "materialize-social": {
      "version": "1.0.3",
      "resolved": "https://registry.npmjs.org/materialize-social/-/materialize-social-1.0.3.tgz",
      "requires": {
        "fontawesome": "^4.7.2",
        "materializecss": "^1.0.11"
      }
    },
    "materializecss": {
      "version": "1.0.11",
      "resolved": "https://registry.npmjs.org/materializecss/-/materializecss-1.0.11.tgz",
      "requires": {
        "angular2": "^2.0.0-beta.2",
        "es6-promise": "^3.0.2",
        "es6-shim": "^0.33.13",
        "reflect-metadata": "^0.1.2",
        "rxjs": "^5.0.0-beta.0",
        "zone.js": "^0.5.10"
      }
    },
    "reflect-metadata": {
      "version": "0.1.12",
      "resolved": "https://registry.npmjs.org/reflect-metadata/-/reflect-metadata-0.1.12.tgz"
    },
    "rxjs": {
      "version": "5.5.8",
      "resolved": "https://registry.npmjs.org/rxjs/-/rxjs-5.5.8.tgz",
      "requires": {
        "symbol-observable": "1.0.1"
      }
    },
    "symbol-observable": {
      "version": "1.0.1",
      "resolved": "https://registry.npmjs.org/symbol-observable/-/symbol-observable-1.0.1.tgz"
    },
    "typed.js": {
      "version": "2.0.11",
      "resolved": "https://registry.npmjs.org/typed.js/-/typed.js-2.0.11.tgz",
      "integrity": "sha512-1ZORHalEyLob34q738mqmwp0pT6syMigB1SZuTItqdhovWBKFIt7I5uVALXAGQZCg2MCtihCt6uqkoqPJK+9iQ=="
    },
    "zone.js": {
      "version": "0.5.15",
      "resolved": "https://registry.npmjs.org/zone.js/-/zone.js-0.5.15.tgz",
      "requires": {
        "es6-promise": "^3.0.2"
      }
    }
  }
}
